{
  "name": "plotter-line-thickener",
  "version": "0.1.0",
  "lockfileVersion": 3,
  "requires": true,
  "packages": {
    "": {
      "name": "plotter-line-thickener",
      "version": "0.1.0",
      "license": "MIT",
      "dependencies": {
        "commander": "^14.0.1",
        "svg-path-commander": "^2.1.11",
        "svgson": "^5.3.1"
      }
    },
    "node_modules/@thednp/dommatrix": {
      "version": "2.0.12",
      "resolved": "https://registry.npmjs.org/@thednp/dommatrix/-/dommatrix-2.0.12.tgz",
      "integrity": "sha512-eOshhlSShBXLfrMQqqhA450TppJXhKriaQdN43mmniOCMn9sD60QKF1Axsj7bKl339WH058LuGFS6H84njYH5w==",
      "license": "MIT",
      "engines": {
        "node": ">=20",
        "pnpm": ">=8.6.0"
      }
    },
    "node_modules/commander": {
      "version": "14.0.1",
      "resolved": "https://registry.npmjs.org/commander/-/commander-14.0.1.tgz",
      "integrity": "sha512-2JkV3gUZUVrbNA+1sjBOYLsMZ5cEEl8GTFP2a4AVz5hvasAMCQ1D2l2le/cX+pV4N6ZU17zjUahLpIXRrnWL8A==",
      "license": "MIT",
      "engines": {
        "node": ">=20"
      }
    },
    "node_modules/deep-rename-keys": {
      "version": "0.2.1",
      "resolved": "https://registry.npmjs.org/deep-rename-keys/-/deep-rename-keys-0.2.1.tgz",
      "integrity": "sha512-RHd9ABw4Fvk+gYDWqwOftG849x0bYOySl/RgX0tLI9i27ZIeSO91mLZJEp7oPHOMFqHvpgu21YptmDt0FYD/0A==",
      "license": "MIT",
      "dependencies": {
        "kind-of": "^3.0.2",
        "rename-keys": "^1.1.2"
      },
      "engines": {
        "node": ">=0.10.0"
      }
    },
    "node_modules/eventemitter3": {
      "version": "2.0.3",
      "resolved": "https://registry.npmjs.org/eventemitter3/-/eventemitter3-2.0.3.tgz",
      "integrity": "sha512-jLN68Dx5kyFHaePoXWPsCGW5qdyZQtLYHkxkg02/Mz6g0kYpDx4FyP6XfArhQdlOC4b8Mv+EMxPo/8La7Tzghg==",
      "license": "MIT"
    },
    "node_modules/is-buffer": {
      "version": "1.1.6",
      "resolved": "https://registry.npmjs.org/is-buffer/-/is-buffer-1.1.6.tgz",
      "integrity": "sha512-NcdALwpXkTm5Zvvbk7owOUSvVvBKDgKP5/ewfXEznmQFfs4ZRmanOeKBTjRVjka3QFoN6XJ+9F3USqfHqTaU5w==",
      "license": "MIT"
    },
    "node_modules/kind-of": {
      "version": "3.2.2",
      "resolved": "https://registry.npmjs.org/kind-of/-/kind-of-3.2.2.tgz",
      "integrity": "sha512-NOW9QQXMoZGg/oqnVNoNTTIFEIid1627WCffUBJEdMxYApq7mNE7CpzucIPc+ZQg25Phej7IJSmX3hO+oblOtQ==",
      "license": "MIT",
      "dependencies": {
        "is-buffer": "^1.1.5"
      },
      "engines": {
        "node": ">=0.10.0"
      }
    },
    "node_modules/rename-keys": {
      "version": "1.2.0",
      "resolved": "https://registry.npmjs.org/rename-keys/-/rename-keys-1.2.0.tgz",
      "integrity": "sha512-U7XpAktpbSgHTRSNRrjKSrjYkZKuhUukfoBlXWXUExCAqhzh1TU3BDRAfJmarcl5voKS+pbKU9MvyLWKZ4UEEg==",
      "license": "MIT",
      "engines": {
        "node": ">= 0.8.0"
      }
    },
    "node_modules/svg-path-commander": {
      "version": "2.1.11",
      "resolved": "https://registry.npmjs.org/svg-path-commander/-/svg-path-commander-2.1.11.tgz",
      "integrity": "sha512-wmQ6QA3Od+HOcpIzLjPlbv59+x3yd3V5W6xitUOvAHmqZpP7wVrRM2CHqEm5viHUbZu6PjzFsjbTEFtIeUxaNA==",
      "license": "MIT",
      "dependencies": {
        "@thednp/dommatrix": "^2.0.12"
      },
      "engines": {
        "node": ">=16",
        "pnpm": ">=8.6.0"
      }
    },
    "node_modules/svgson": {
      "version": "5.3.1",
      "resolved": "https://registry.npmjs.org/svgson/-/svgson-5.3.1.tgz",
      "integrity": "sha512-qdPgvUNWb40gWktBJnbJRelWcPzkLed/ShhnRsjbayXz8OtdPOzbil9jtiZdrYvSDumAz/VNQr6JaNfPx/gvPA==",
      "license": "MIT",
      "dependencies": {
        "deep-rename-keys": "^0.2.1",
        "xml-reader": "2.4.3"
      }
    },
    "node_modules/xml-lexer": {
      "version": "0.2.2",
      "resolved": "https://registry.npmjs.org/xml-lexer/-/xml-lexer-0.2.2.tgz",
      "integrity": "sha512-G0i98epIwiUEiKmMcavmVdhtymW+pCAohMRgybyIME9ygfVu8QheIi+YoQh3ngiThsT0SQzJT4R0sKDEv8Ou0w==",
      "license": "MIT",
      "dependencies": {
        "eventemitter3": "^2.0.0"
      }
    },
    "node_modules/xml-reader": {
      "version": "2.4.3",
      "resolved": "https://registry.npmjs.org/xml-reader/-/xml-reader-2.4.3.tgz",
      "integrity": "sha512-xWldrIxjeAMAu6+HSf9t50ot1uL5M+BtOidRCWHXIeewvSeIpscWCsp4Zxjk8kHHhdqFBrfK8U0EJeCcnyQ/gA==",
      "license": "MIT",
      "dependencies": {
        "eventemitter3": "^2.0.0",
        "xml-lexer": "^0.2.2"
      }
    }
  }
}
