{
  "name": "plotter-line-thickener",
  "version": "0.1.0",
  "lockfileVersion": 3,
  "requires": true,
  "packages": {
    "": {
      "name": "plotter-line-thickener",
      "version": "0.1.0",
      "license": "MIT",
      "dependencies": {
        "commander": "^14.0.1",
        "svg-path-commander": "^2.1.11"
      }
    },
    "node_modules/@thednp/dommatrix": {
      "version": "2.0.12",
      "resolved": "https://registry.npmjs.org/@thednp/dommatrix/-/dommatrix-2.0.12.tgz",
      "integrity": "sha512-eOshhlSShBXLfrMQqqhA450TppJXhKriaQdN43mmniOCMn9sD60QKF1Axsj7bKl339WH058LuGFS6H84njYH5w==",
      "license": "MIT",
      "engines": {
        "node": ">=20",
        "pnpm": ">=8.6.0"
      }
    },
    "node_modules/commander": {
      "version": "14.0.1",
      "resolved": "https://registry.npmjs.org/commander/-/commander-14.0.1.tgz",
      "integrity": "sha512-2JkV3gUZUVrbNA+1sjBOYLsMZ5cEEl8GTFP2a4AVz5hvasAMCQ1D2l2le/cX+pV4N6ZU17zjUahLpIXRrnWL8A==",
      "license": "MIT",
      "engines": {
        "node": ">=20"
      }
    },
    "node_modules/svg-path-commander": {
      "version": "2.1.11",
      "resolved": "https://registry.npmjs.org/svg-path-commander/-/svg-path-commander-2.1.11.tgz",
      "integrity": "sha512-wmQ6QA3Od+HOcpIzLjPlbv59+x3yd3V5W6xitUOvAHmqZpP7wVrRM2CHqEm5viHUbZu6PjzFsjbTEFtIeUxaNA==",
      "license": "MIT",
      "dependencies": {
        "@thednp/dommatrix": "^2.0.12"
      },
      "engines": {
        "node": ">=16",
        "pnpm": ">=8.6.0"
      }
    }
  }
}
